// !$*UTF8*$!
{
	archiveVersion = 1;
	classes = {
	};
	objectVersion = 56;
	objects = {

/* Begin PBXBuildFile section */
		995C481729F027D100433839 /* BViewController.swift in Sources */ = {isa = PBXBuildFile; fileRef = 995C481629F027D100433839 /* BViewController.swift */; };
		995EB86429FBB7CC00CFFF86 /* CViewController.swift in Sources */ = {isa = PBXBuildFile; fileRef = 995EB86329FBB7CC00CFFF86 /* CViewController.swift */; };
		99B8F62829EFCE47004F795A /* NanumGothic-Regular.ttf in Resources */ = {isa = PBXBuildFile; fileRef = 99B8F62529EFCE47004F795A /* NanumGothic-Regular.ttf */; };
		99B8F62929EFCE47004F795A /* NanumGothic-Bold.ttf in Resources */ = {isa = PBXBuildFile; fileRef = 99B8F62629EFCE47004F795A /* NanumGothic-Bold.ttf */; };
		99B8F62A29EFCE47004F795A /* NanumGothic-ExtraBold.ttf in Resources */ = {isa = PBXBuildFile; fileRef = 99B8F62729EFCE47004F795A /* NanumGothic-ExtraBold.ttf */; };
		99B8F62D29EFEEEF004F795A /* RoundedButton.swift in Sources */ = {isa = PBXBuildFile; fileRef = 99B8F62C29EFEEEF004F795A /* RoundedButton.swift */; };
		99B8F62F29EFF5E4004F795A /* RoundedView.swift in Sources */ = {isa = PBXBuildFile; fileRef = 99B8F62E29EFF5E4004F795A /* RoundedView.swift */; };
		99B8F63229EFF663004F795A /* CALayer+Ext.swift in Sources */ = {isa = PBXBuildFile; fileRef = 99B8F63129EFF663004F795A /* CALayer+Ext.swift */; };
		99F574E429E7FEC800BC92C7 /* AppDelegate.swift in Sources */ = {isa = PBXBuildFile; fileRef = 99F574E329E7FEC800BC92C7 /* AppDelegate.swift */; };
		99F574E629E7FEC800BC92C7 /* SceneDelegate.swift in Sources */ = {isa = PBXBuildFile; fileRef = 99F574E529E7FEC800BC92C7 /* SceneDelegate.swift */; };
		99F574E829E7FEC800BC92C7 /* AViewController.swift in Sources */ = {isa = PBXBuildFile; fileRef = 99F574E729E7FEC800BC92C7 /* AViewController.swift */; };
		99F574EB29E7FEC800BC92C7 /* Main.storyboard in Resources */ = {isa = PBXBuildFile; fileRef = 99F574E929E7FEC800BC92C7 /* Main.storyboard */; };
		99F574ED29E7FEC900BC92C7 /* Assets.xcassets in Resources */ = {isa = PBXBuildFile; fileRef = 99F574EC29E7FEC900BC92C7 /* Assets.xcassets */; };
		99F574F029E7FEC900BC92C7 /* LaunchScreen.storyboard in Resources */ = {isa = PBXBuildFile; fileRef = 99F574EE29E7FEC900BC92C7 /* LaunchScreen.storyboard */; };
/* End PBXBuildFile section */

/* Begin PBXFileReference section */
		995C481629F027D100433839 /* BViewController.swift */ = {isa = PBXFileReference; lastKnownFileType = sourcecode.swift; path = BViewController.swift; sourceTree = "<group>"; wrapsLines = 0; };
		995EB86329FBB7CC00CFFF86 /* CViewController.swift */ = {isa = PBXFileReference; lastKnownFileType = sourcecode.swift; path = CViewController.swift; sourceTree = "<group>"; };
		99B8F62529EFCE47004F795A /* NanumGothic-Regular.ttf */ = {isa = PBXFileReference; lastKnownFileType = file; path = "NanumGothic-Regular.ttf"; sourceTree = "<group>"; };
		99B8F62629EFCE47004F795A /* NanumGothic-Bold.ttf */ = {isa = PBXFileReference; lastKnownFileType = file; path = "NanumGothic-Bold.ttf"; sourceTree = "<group>"; };
		99B8F62729EFCE47004F795A /* NanumGothic-ExtraBold.ttf */ = {isa = PBXFileReference; lastKnownFileType = file; path = "NanumGothic-ExtraBold.ttf"; sourceTree = "<group>"; };
		99B8F62C29EFEEEF004F795A /* RoundedButton.swift */ = {isa = PBXFileReference; lastKnownFileType = sourcecode.swift; path = RoundedButton.swift; sourceTree = "<group>"; };
		99B8F62E29EFF5E4004F795A /* RoundedView.swift */ = {isa = PBXFileReference; lastKnownFileType = sourcecode.swift; path = RoundedView.swift; sourceTree = "<group>"; };
		99B8F63129EFF663004F795A /* CALayer+Ext.swift */ = {isa = PBXFileReference; lastKnownFileType = sourcecode.swift; path = "CALayer+Ext.swift"; sourceTree = "<group>"; };
		99F574E029E7FEC800BC92C7 /* autoLayout_Practice.app */ = {isa = PBXFileReference; explicitFileType = wrapper.application; includeInIndex = 0; path = autoLayout_Practice.app; sourceTree = BUILT_PRODUCTS_DIR; };
		99F574E329E7FEC800BC92C7 /* AppDelegate.swift */ = {isa = PBXFileReference; lastKnownFileType = sourcecode.swift; path = AppDelegate.swift; sourceTree = "<group>"; };
		99F574E529E7FEC800BC92C7 /* SceneDelegate.swift */ = {isa = PBXFileReference; lastKnownFileType = sourcecode.swift; path = SceneDelegate.swift; sourceTree = "<group>"; };
		99F574E729E7FEC800BC92C7 /* AViewController.swift */ = {isa = PBXFileReference; lastKnownFileType = sourcecode.swift; path = AViewController.swift; sourceTree = "<group>"; };
		99F574EA29E7FEC800BC92C7 /* Base */ = {isa = PBXFileReference; lastKnownFileType = file.storyboard; name = Base; path = Base.lproj/Main.storyboard; sourceTree = "<group>"; };
		99F574EC29E7FEC900BC92C7 /* Assets.xcassets */ = {isa = PBXFileReference; lastKnownFileType = folder.assetcatalog; path = Assets.xcassets; sourceTree = "<group>"; };
		99F574EF29E7FEC900BC92C7 /* Base */ = {isa = PBXFileReference; lastKnownFileType = file.storyboard; name = Base; path = Base.lproj/LaunchScreen.storyboard; sourceTree = "<group>"; };
		99F574F129E7FEC900BC92C7 /* Info.plist */ = {isa = PBXFileReference; lastKnownFileType = text.plist.xml; path = Info.plist; sourceTree = "<group>"; };
/* End PBXFileReference section */

/* Begin PBXFrameworksBuildPhase section */
		99F574DD29E7FEC800BC92C7 /* Frameworks */ = {
			isa = PBXFrameworksBuildPhase;
			buildActionMask = 2147483647;
			files = (
			);
			runOnlyForDeploymentPostprocessing = 0;
		};
/* End PBXFrameworksBuildPhase section */

/* Begin PBXGroup section */
		99B8F62429EFCE24004F795A /* Font */ = {
			isa = PBXGroup;
			children = (
				99B8F62629EFCE47004F795A /* NanumGothic-Bold.ttf */,
				99B8F62729EFCE47004F795A /* NanumGothic-ExtraBold.ttf */,
				99B8F62529EFCE47004F795A /* NanumGothic-Regular.ttf */,
			);
			path = Font;
			sourceTree = "<group>";
		};
		99B8F62B29EFEEDD004F795A /* components */ = {
			isa = PBXGroup;
			children = (
				99B8F62C29EFEEEF004F795A /* RoundedButton.swift */,
				99B8F62E29EFF5E4004F795A /* RoundedView.swift */,
			);
			path = components;
			sourceTree = "<group>";
		};
		99B8F63029EFF64A004F795A /* Extension */ = {
			isa = PBXGroup;
			children = (
				99B8F63129EFF663004F795A /* CALayer+Ext.swift */,
			);
			path = Extension;
			sourceTree = "<group>";
		};
		99F574D729E7FEC800BC92C7 = {
			isa = PBXGroup;
			children = (
				99F574E229E7FEC800BC92C7 /* autoLayout_Practice */,
				99F574E129E7FEC800BC92C7 /* Products */,
			);
			sourceTree = "<group>";
		};
		99F574E129E7FEC800BC92C7 /* Products */ = {
			isa = PBXGroup;
			children = (
				99F574E029E7FEC800BC92C7 /* autoLayout_Practice.app */,
			);
			name = Products;
			sourceTree = "<group>";
		};
		99F574E229E7FEC800BC92C7 /* autoLayout_Practice */ = {
			isa = PBXGroup;
			children = (
				99B8F63029EFF64A004F795A /* Extension */,
				99B8F62B29EFEEDD004F795A /* components */,
				99B8F62429EFCE24004F795A /* Font */,
				99F574E329E7FEC800BC92C7 /* AppDelegate.swift */,
				99F574E529E7FEC800BC92C7 /* SceneDelegate.swift */,
				99F574E729E7FEC800BC92C7 /* AViewController.swift */,
				995C481629F027D100433839 /* BViewController.swift */,
				995EB86329FBB7CC00CFFF86 /* CViewController.swift */,
				99F574E929E7FEC800BC92C7 /* Main.storyboard */,
				99F574EC29E7FEC900BC92C7 /* Assets.xcassets */,
				99F574EE29E7FEC900BC92C7 /* LaunchScreen.storyboard */,
				99F574F129E7FEC900BC92C7 /* Info.plist */,
			);
			path = autoLayout_Practice;
			sourceTree = "<group>";
		};
/* End PBXGroup section */

/* Begin PBXNativeTarget section */
		99F574DF29E7FEC800BC92C7 /* autoLayout_Practice */ = {
			isa = PBXNativeTarget;
			buildConfigurationList = 99F574F429E7FEC900BC92C7 /* Build configuration list for PBXNativeTarget "autoLayout_Practice" */;
			buildPhases = (
				99F574DC29E7FEC800BC92C7 /* Sources */,
				99F574DD29E7FEC800BC92C7 /* Frameworks */,
				99F574DE29E7FEC800BC92C7 /* Resources */,
			);
			buildRules = (
			);
			dependencies = (
			);
			name = autoLayout_Practice;
			productName = autoLayout_Practice;
			productReference = 99F574E029E7FEC800BC92C7 /* autoLayout_Practice.app */;
			productType = "com.apple.product-type.application";
		};
/* End PBXNativeTarget section */

/* Begin PBXProject section */
		99F574D829E7FEC800BC92C7 /* Project object */ = {
			isa = PBXProject;
			attributes = {
				BuildIndependentTargetsInParallel = 1;
				LastSwiftUpdateCheck = 1410;
				LastUpgradeCheck = 1410;
				TargetAttributes = {
					99F574DF29E7FEC800BC92C7 = {
						CreatedOnToolsVersion = 14.1;
					};
				};
			};
			buildConfigurationList = 99F574DB29E7FEC800BC92C7 /* Build configuration list for PBXProject "autoLayout_Practice" */;
			compatibilityVersion = "Xcode 14.0";
			developmentRegion = en;
			hasScannedForEncodings = 0;
			knownRegions = (
				en,
				Base,
			);
			mainGroup = 99F574D729E7FEC800BC92C7;
			productRefGroup = 99F574E129E7FEC800BC92C7 /* Products */;
			projectDirPath = "";
			projectRoot = "";
			targets = (
				99F574DF29E7FEC800BC92C7 /* autoLayout_Practice */,
			);
		};
/* End PBXProject section */

/* Begin PBXResourcesBuildPhase section */
		99F574DE29E7FEC800BC92C7 /* Resources */ = {
			isa = PBXResourcesBuildPhase;
			buildActionMask = 2147483647;
			files = (
				99B8F62A29EFCE47004F795A /* NanumGothic-ExtraBold.ttf in Resources */,
				99F574F029E7FEC900BC92C7 /* LaunchScreen.storyboard in Resources */,
				99F574ED29E7FEC900BC92C7 /* Assets.xcassets in Resources */,
				99F574EB29E7FEC800BC92C7 /* Main.storyboard in Resources */,
				99B8F62829EFCE47004F795A /* NanumGothic-Regular.ttf in Resources */,
				99B8F62929EFCE47004F795A /* NanumGothic-Bold.ttf in Resources */,
			);
			runOnlyForDeploymentPostprocessing = 0;
		};
/* End PBXResourcesBuildPhase section */

/* Begin PBXSourcesBuildPhase section */
		99F574DC29E7FEC800BC92C7 /* Sources */ = {
			isa = PBXSourcesBuildPhase;
			buildActionMask = 2147483647;
			files = (
				995C481729F027D100433839 /* BViewController.swift in Sources */,
				99F574E829E7FEC800BC92C7 /* AViewController.swift in Sources */,
				995EB86429FBB7CC00CFFF86 /* CViewController.swift in Sources */,
				99F574E429E7FEC800BC92C7 /* AppDelegate.swift in Sources */,
				99F574E629E7FEC800BC92C7 /* SceneDelegate.swift in Sources */,
				99B8F63229EFF663004F795A /* CALayer+Ext.swift in Sources */,
				99B8F62F29EFF5E4004F795A /* RoundedView.swift in Sources */,
				99B8F62D29EFEEEF004F795A /* RoundedButton.swift in Sources */,
			);
			runOnlyForDeploymentPostprocessing = 0;
		};
/* End PBXSourcesBuildPhase section */

/* Begin PBXVariantGroup section */
		99F574E929E7FEC800BC92C7 /* Main.storyboard */ = {
			isa = PBXVariantGroup;
			children = (
				99F574EA29E7FEC800BC92C7 /* Base */,
			);
			name = Main.storyboard;
			sourceTree = "<group>";
		};
		99F574EE29E7FEC900BC92C7 /* LaunchScreen.storyboard */ = {
			isa = PBXVariantGroup;
			children = (
				99F574EF29E7FEC900BC92C7 /* Base */,
			);
			name = LaunchScreen.storyboard;
			sourceTree = "<group>";
		};
/* End PBXVariantGroup section */

/* Begin XCBuildConfiguration section */
		99F574F229E7FEC900BC92C7 /* Debug */ = {
			isa = XCBuildConfiguration;
			buildSettings = {
				ALWAYS_SEARCH_USER_PATHS = NO;
				CLANG_ANALYZER_NONNULL = YES;
				CLANG_ANALYZER_NUMBER_OBJECT_CONVERSION = YES_AGGRESSIVE;
				CLANG_CXX_LANGUAGE_STANDARD = "gnu++20";
				CLANG_ENABLE_MODULES = YES;
				CLANG_ENABLE_OBJC_ARC = YES;
				CLANG_ENABLE_OBJC_WEAK = YES;
				CLANG_WARN_BLOCK_CAPTURE_AUTORELEASING = YES;
				CLANG_WARN_BOOL_CONVERSION = YES;
				CLANG_WARN_COMMA = YES;
				CLANG_WARN_CONSTANT_CONVERSION = YES;
				CLANG_WARN_DEPRECATED_OBJC_IMPLEMENTATIONS = YES;
				CLANG_WARN_DIRECT_OBJC_ISA_USAGE = YES_ERROR;
				CLANG_WARN_DOCUMENTATION_COMMENTS = YES;
				CLANG_WARN_EMPTY_BODY = YES;
				CLANG_WARN_ENUM_CONVERSION = YES;
				CLANG_WARN_INFINITE_RECURSION = YES;
				CLANG_WARN_INT_CONVERSION = YES;
				CLANG_WARN_NON_LITERAL_NULL_CONVERSION = YES;
				CLANG_WARN_OBJC_IMPLICIT_RETAIN_SELF = YES;
				CLANG_WARN_OBJC_LITERAL_CONVERSION = YES;
				CLANG_WARN_OBJC_ROOT_CLASS = YES_ERROR;
				CLANG_WARN_QUOTED_INCLUDE_IN_FRAMEWORK_HEADER = YES;
				CLANG_WARN_RANGE_LOOP_ANALYSIS = YES;
				CLANG_WARN_STRICT_PROTOTYPES = YES;
				CLANG_WARN_SUSPICIOUS_MOVE = YES;
				CLANG_WARN_UNGUARDED_AVAILABILITY = YES_AGGRESSIVE;
				CLANG_WARN_UNREACHABLE_CODE = YES;
				CLANG_WARN__DUPLICATE_METHOD_MATCH = YES;
				COPY_PHASE_STRIP = NO;
				DEBUG_INFORMATION_FORMAT = dwarf;
				ENABLE_STRICT_OBJC_MSGSEND = YES;
				ENABLE_TESTABILITY = YES;
				GCC_C_LANGUAGE_STANDARD = gnu11;
				GCC_DYNAMIC_NO_PIC = NO;
				GCC_NO_COMMON_BLOCKS = YES;
				GCC_OPTIMIZATION_LEVEL = 0;
				GCC_PREPROCESSOR_DEFINITIONS = (
					"DEBUG=1",
					"$(inherited)",
				);
				GCC_WARN_64_TO_32_BIT_CONVERSION = YES;
				GCC_WARN_ABOUT_RETURN_TYPE = YES_ERROR;
				GCC_WARN_UNDECLARED_SELECTOR = YES;
				GCC_WARN_UNINITIALIZED_AUTOS = YES_AGGRESSIVE;
				GCC_WARN_UNUSED_FUNCTION = YES;
				GCC_WARN_UNUSED_VARIABLE = YES;
				IPHONEOS_DEPLOYMENT_TARGET = 16.1;
				MTL_ENABLE_DEBUG_INFO = INCLUDE_SOURCE;
				MTL_FAST_MATH = YES;
				ONLY_ACTIVE_ARCH = YES;
				SDKROOT = iphoneos;
				SWIFT_ACTIVE_COMPILATION_CONDITIONS = DEBUG;
				SWIFT_OPTIMIZATION_LEVEL = "-Onone";
			};
			name = Debug;
		};
		99F574F329E7FEC900BC92C7 /* Release */ = {
			isa = XCBuildConfiguration;
			buildSettings = {
				ALWAYS_SEARCH_USER_PATHS = NO;
				CLANG_ANALYZER_NONNULL = YES;
				CLANG_ANALYZER_NUMBER_OBJECT_CONVERSION = YES_AGGRESSIVE;
				CLANG_CXX_LANGUAGE_STANDARD = "gnu++20";
				CLANG_ENABLE_MODULES = YES;
				CLANG_ENABLE_OBJC_ARC = YES;
				CLANG_ENABLE_OBJC_WEAK = YES;
				CLANG_WARN_BLOCK_CAPTURE_AUTORELEASING = YES;
				CLANG_WARN_BOOL_CONVERSION = YES;
				CLANG_WARN_COMMA = YES;
				CLANG_WARN_CONSTANT_CONVERSION = YES;
				CLANG_WARN_DEPRECATED_OBJC_IMPLEMENTATIONS = YES;
				CLANG_WARN_DIRECT_OBJC_ISA_USAGE = YES_ERROR;
				CLANG_WARN_DOCUMENTATION_COMMENTS = YES;
				CLANG_WARN_EMPTY_BODY = YES;
				CLANG_WARN_ENUM_CONVERSION = YES;
				CLANG_WARN_INFINITE_RECURSION = YES;
				CLANG_WARN_INT_CONVERSION = YES;
				CLANG_WARN_NON_LITERAL_NULL_CONVERSION = YES;
				CLANG_WARN_OBJC_IMPLICIT_RETAIN_SELF = YES;
				CLANG_WARN_OBJC_LITERAL_CONVERSION = YES;
				CLANG_WARN_OBJC_ROOT_CLASS = YES_ERROR;
				CLANG_WARN_QUOTED_INCLUDE_IN_FRAMEWORK_HEADER = YES;
				CLANG_WARN_RANGE_LOOP_ANALYSIS = YES;
				CLANG_WARN_STRICT_PROTOTYPES = YES;
				CLANG_WARN_SUSPICIOUS_MOVE = YES;
				CLANG_WARN_UNGUARDED_AVAILABILITY = YES_AGGRESSIVE;
				CLANG_WARN_UNREACHABLE_CODE = YES;
				CLANG_WARN__DUPLICATE_METHOD_MATCH = YES;
				COPY_PHASE_STRIP = NO;
				DEBUG_INFORMATION_FORMAT = "dwarf-with-dsym";
				ENABLE_NS_ASSERTIONS = NO;
				ENABLE_STRICT_OBJC_MSGSEND = YES;
				GCC_C_LANGUAGE_STANDARD = gnu11;
				GCC_NO_COMMON_BLOCKS = YES;
				GCC_WARN_64_TO_32_BIT_CONVERSION = YES;
				GCC_WARN_ABOUT_RETURN_TYPE = YES_ERROR;
				GCC_WARN_UNDECLARED_SELECTOR = YES;
				GCC_WARN_UNINITIALIZED_AUTOS = YES_AGGRESSIVE;
				GCC_WARN_UNUSED_FUNCTION = YES;
				GCC_WARN_UNUSED_VARIABLE = YES;
				IPHONEOS_DEPLOYMENT_TARGET = 16.1;
				MTL_ENABLE_DEBUG_INFO = NO;
				MTL_FAST_MATH = YES;
				SDKROOT = iphoneos;
				SWIFT_COMPILATION_MODE = wholemodule;
				SWIFT_OPTIMIZATION_LEVEL = "-O";
				VALIDATE_PRODUCT = YES;
			};
			name = Release;
		};
		99F574F529E7FEC900BC92C7 /* Debug */ = {
			isa = XCBuildConfiguration;
			buildSettings = {
				ASSETCATALOG_COMPILER_APPICON_NAME = AppIcon;
				ASSETCATALOG_COMPILER_GLOBAL_ACCENT_COLOR_NAME = AccentColor;
				CODE_SIGN_STYLE = Automatic;
				CURRENT_PROJECT_VERSION = 1;
				DEVELOPMENT_TEAM = 6UDF9VNHC6;
				GENERATE_INFOPLIST_FILE = YES;
				INFOPLIST_FILE = autoLayout_Practice/Info.plist;
				INFOPLIST_KEY_UIApplicationSupportsIndirectInputEvents = YES;
				INFOPLIST_KEY_UILaunchStoryboardName = LaunchScreen;
				INFOPLIST_KEY_UIMainStoryboardFile = Main;
				INFOPLIST_KEY_UISupportedInterfaceOrientations_iPad = "UIInterfaceOrientationPortrait UIInterfaceOrientationPortraitUpsideDown UIInterfaceOrientationLandscapeLeft UIInterfaceOrientationLandscapeRight";
				INFOPLIST_KEY_UISupportedInterfaceOrientations_iPhone = "UIInterfaceOrientationPortrait UIInterfaceOrientationLandscapeLeft UIInterfaceOrientationLandscapeRight";
				LD_RUNPATH_SEARCH_PATHS = (
					"$(inherited)",
					"@executable_path/Frameworks",
				);
				MARKETING_VERSION = 1.0;
				PRODUCT_BUNDLE_IDENTIFIER = "com.wltkdfbf.autoLayout-Practice";
				PRODUCT_NAME = "$(TARGET_NAME)";
				SWIFT_EMIT_LOC_STRINGS = YES;
				SWIFT_VERSION = 5.0;
				TARGETED_DEVICE_FAMILY = "1,2";
			};
			name = Debug;
		};
		99F574F629E7FEC900BC92C7 /* Release */ = {
			isa = XCBuildConfiguration;
			buildSettings = {
				ASSETCATALOG_COMPILER_APPICON_NAME = AppIcon;
				ASSETCATALOG_COMPILER_GLOBAL_ACCENT_COLOR_NAME = AccentColor;
				CODE_SIGN_STYLE = Automatic;
				CURRENT_PROJECT_VERSION = 1;
				DEVELOPMENT_TEAM = 6UDF9VNHC6;
				GENERATE_INFOPLIST_FILE = YES;
				INFOPLIST_FILE = autoLayout_Practice/Info.plist;
				INFOPLIST_KEY_UIApplicationSupportsIndirectInputEvents = YES;
				INFOPLIST_KEY_UILaunchStoryboardName = LaunchScreen;
				INFOPLIST_KEY_UIMainStoryboardFile = Main;
				INFOPLIST_KEY_UISupportedInterfaceOrientations_iPad = "UIInterfaceOrientationPortrait UIInterfaceOrientationPortraitUpsideDown UIInterfaceOrientationLandscapeLeft UIInterfaceOrientationLandscapeRight";
				INFOPLIST_KEY_UISupportedInterfaceOrientations_iPhone = "UIInterfaceOrientationPortrait UIInterfaceOrientationLandscapeLeft UIInterfaceOrientationLandscapeRight";
				LD_RUNPATH_SEARCH_PATHS = (
					"$(inherited)",
					"@executable_path/Frameworks",
				);
				MARKETING_VERSION = 1.0;
				PRODUCT_BUNDLE_IDENTIFIER = "com.wltkdfbf.autoLayout-Practice";
				PRODUCT_NAME = "$(TARGET_NAME)";
				SWIFT_EMIT_LOC_STRINGS = YES;
				SWIFT_VERSION = 5.0;
				TARGETED_DEVICE_FAMILY = "1,2";
			};
			name = Release;
		};
/* End XCBuildConfiguration section */

/* Begin XCConfigurationList section */
		99F574DB29E7FEC800BC92C7 /* Build configuration list for PBXProject "autoLayout_Practice" */ = {
			isa = XCConfigurationList;
			buildConfigurations = (
				99F574F229E7FEC900BC92C7 /* Debug */,
				99F574F329E7FEC900BC92C7 /* Release */,
			);
			defaultConfigurationIsVisible = 0;
			defaultConfigurationName = Release;
		};
		99F574F429E7FEC900BC92C7 /* Build configuration list for PBXNativeTarget "autoLayout_Practice" */ = {
			isa = XCConfigurationList;
			buildConfigurations = (
				99F574F529E7FEC900BC92C7 /* Debug */,
				99F574F629E7FEC900BC92C7 /* Release */,
			);
			defaultConfigurationIsVisible = 0;
			defaultConfigurationName = Release;
		};
/* End XCConfigurationList section */
	};
	rootObject = 99F574D829E7FEC800BC92C7 /* Project object */;
}
